<?xml version="1.0" encoding="utf-8"?>
<Project ToolsVersion="4.0" xmlns="http://schemas.microsoft.com/developer/msbuild/2003">
  <ItemGroup>
    <Filter Include="Source Files">
      <UniqueIdentifier>{4FC737F1-C7A5-4376-A066-2A32D752A2FF}</UniqueIdentifier>
      <Extensions>cpp;c;cc;cxx;c++;cppm;ixx;def;odl;idl;hpj;bat;asm;asmx</Extensions>
    </Filter>
    <Filter Include="Resource Files">
      <UniqueIdentifier>{67DA6AB6-F800-4c08-8B7A-83BB121AAD01}</UniqueIdentifier>
      <Extensions>rc;ico;cur;bmp;dlg;rc2;rct;bin;rgs;gif;jpg;jpeg;jpe;resx;tiff;tif;png;wav;mfcribbon-ms</Extensions>
    </Filter>
    <Filter Include="headerfile">
      <UniqueIdentifier>{93995380-89BD-4b04-88EB-625FBE52EBFB}</UniqueIdentifier>
      <Extensions>h;hh;hpp;hxx;h++;hm;inl;inc;ipp;xsd</Extensions>
    </Filter>
    <Filter Include="headerfile\core">
      <UniqueIdentifier>{029392e4-e13b-4a45-b204-4557b2003a35}</UniqueIdentifier>
    </Filter>
  </ItemGroup>
  <ItemGroup>
    <ClCompile Include="ConsoleApplication1.cpp">
      <Filter>Source Files</Filter>
    </ClCompile>
  </ItemGroup>
  <ItemGroup>
    <ClInclude Include="clsDate.h">
      <Filter>headerfile</Filter>
    </ClInclude>
    <ClInclude Include="clsString.h">
      <Filter>headerfile</Filter>
    </ClInclude>
    <ClInclude Include="clsUtil.h">
      <Filter>headerfile</Filter>
    </ClInclude>
    <ClInclude Include="clsInputValidate.h">
      <Filter>headerfile</Filter>
    </ClInclude>
    <ClInclude Include="clsMainMenuOptions.h">
      <Filter>headerfile</Filter>
    </ClInclude>
    <ClInclude Include="clsShowScreen.h">
      <Filter>headerfile</Filter>
    </ClInclude>
    <ClInclude Include="clsClientListScreen.h">
      <Filter>headerfile</Filter>
    </ClInclude>
    <ClInclude Include="clsAddNewClientScreen.h">
      <Filter>headerfile</Filter>
    </ClInclude>
    <ClInclude Include="clsDeleteClientScreen.h">
      <Filter>headerfile</Filter>
    </ClInclude>
    <ClInclude Include="clsUpdateClientScreen.h">
      <Filter>headerfile</Filter>
    </ClInclude>
    <ClInclude Include="clsFindClientScreen.h">
      <Filter>headerfile</Filter>
    </ClInclude>
    <ClInclude Include="clsTransActionsMenue.h">
      <Filter>headerfile</Filter>
    </ClInclude>
    <ClInclude Include="clsDepositeScreen.h">
      <Filter>headerfile</Filter>
    </ClInclude>
    <ClInclude Include="clsWithdrawScreen.h">
      <Filter>headerfile</Filter>
    </ClInclude>
    <ClInclude Include="clsShowTotalBalanceScreen.h">
      <Filter>headerfile</Filter>
    </ClInclude>
    <ClInclude Include="clsManageUsersScreen.h">
      <Filter>headerfile</Filter>
    </ClInclude>
    <ClInclude Include="clsListUsersScreen.h">
      <Filter>headerfile</Filter>
    </ClInclude>
    <ClInclude Include="clsAddNewUserScreen.h">
      <Filter>headerfile</Filter>
    </ClInclude>
    <ClInclude Include="clsDeleteUserScreen.h">
      <Filter>headerfile</Filter>
    </ClInclude>
    <ClInclude Include="clsUpdateUser.h">
      <Filter>headerfile</Filter>
    </ClInclude>
    <ClInclude Include="clsFindUser.h">
      <Filter>headerfile</Filter>
    </ClInclude>
    <ClInclude Include="clsLogIn.h">
      <Filter>headerfile</Filter>
    </ClInclude>
    <ClInclude Include="Global.h">
      <Filter>headerfile</Filter>
    </ClInclude>
    <ClInclude Include="LogInRigester.h">
      <Filter>headerfile</Filter>
    </ClInclude>
    <ClInclude Include="clsTransfer.h">
      <Filter>headerfile</Filter>
    </ClInclude>
    <ClInclude Include="clsTransferLogScreen.h">
      <Filter>headerfile</Filter>
    </ClInclude>
    <ClInclude Include="clsCurrencyScreen.h">
      <Filter>headerfile</Filter>
    </ClInclude>
    <ClInclude Include="clsCurrenciesList.h">
      <Filter>headerfile</Filter>
    </ClInclude>
    <ClInclude Include="clsFindCurrency.h">
      <Filter>headerfile</Filter>
    </ClInclude>
    <ClInclude Include="clsUpdateCurrency.h">
      <Filter>headerfile</Filter>
    </ClInclude>
    <ClInclude Include="clsClculateCurrency.h">
      <Filter>headerfile</Filter>
    </ClInclude>
    <ClInclude Include="clsBankClient.h">
      <Filter>headerfile\core</Filter>
    </ClInclude>
    <ClInclude Include="clsCurrency.h">
      <Filter>headerfile\core</Filter>
    </ClInclude>
    <ClInclude Include="clsUser.h">
      <Filter>headerfile\core</Filter>
    </ClInclude>
    <ClInclude Include="clsPerson.h">
      <Filter>headerfile\core</Filter>
    </ClInclude>
  </ItemGroup>
</Project>